{
  "name": "ngx-kel-agent",
  "version": "1.2.8",
  "lockfileVersion": 3,
  "requires": true,
  "packages": {
    "": {
      "name": "ngx-kel-agent",
      "version": "1.2.8",
      "license": "Apache-2.0",
      "dependencies": {
        "tslib": "2.8.1"
      },
      "peerDependencies": {
        "@angular/common": ">=17 <22",
        "@angular/core": ">=17 <22",
        "rxjs": ">=6 <9"
      }
    },
    "node_modules/@angular/common": {
      "version": "20.3.11",
      "resolved": "https://registry.npmjs.org/@angular/common/-/common-20.3.11.tgz",
      "integrity": "sha512-zQ8xlyUBS+UDAUKk7z/hhWdTtQU2oc/Dwo7jXpyrYlz9y2X1A6sAZpUigdYpbrBkIaNs3MplJevgMiCm3kmN8g==",
      "license": "MIT",
      "peer": true,
      "dependencies": {
        "tslib": "^2.3.0"
      },
      "engines": {
        "node": "^20.19.0 || ^22.12.0 || >=24.0.0"
      },
      "peerDependencies": {
        "@angular/core": "20.3.11",
        "rxjs": "^6.5.3 || ^7.4.0"
      }
    },
    "node_modules/@angular/core": {
      "version": "20.3.11",
      "resolved": "https://registry.npmjs.org/@angular/core/-/core-20.3.11.tgz",
      "integrity": "sha512-tOXlxG0SI9Yy1b/ntGyBahfffDpFg7vAbAt+9riOb5ZZ8GYyyOzg78Lqa/lrdBVEG0PXdDjEa0MV93qCyqwYlg==",
      "license": "MIT",
      "peer": true,
      "dependencies": {
        "tslib": "^2.3.0"
      },
      "engines": {
        "node": "^20.19.0 || ^22.12.0 || >=24.0.0"
      },
      "peerDependencies": {
        "@angular/compiler": "20.3.11",
        "rxjs": "^6.5.3 || ^7.4.0",
        "zone.js": "~0.15.0"
      },
      "peerDependenciesMeta": {
        "@angular/compiler": {
          "optional": true
        },
        "zone.js": {
          "optional": true
        }
      }
    },
    "node_modules/rxjs": {
      "version": "7.8.2",
      "resolved": "https://registry.npmjs.org/rxjs/-/rxjs-7.8.2.tgz",
      "integrity": "sha512-dhKf903U/PQZY6boNNtAGdWbG85WAbjT/1xYoZIC7FAY0yWapOBQVsVrDl58W86//e1VpMNBtRV4MaXfdMySFA==",
      "license": "Apache-2.0",
      "peer": true,
      "dependencies": {
        "tslib": "^2.1.0"
      }
    },
    "node_modules/tslib": {
      "version": "2.8.1",
      "resolved": "https://registry.npmjs.org/tslib/-/tslib-2.8.1.tgz",
      "integrity": "sha512-oJFu94HQb+KVduSUQL7wnpmqnfmLsOA/nAh6b6EH0wCEoK0/mPeXU6c3wKDV83MkOuHPRHtSXKKU99IBazS/2w==",
      "license": "0BSD"
    }
  }
}
